// !$*UTF8*$!
{
	archiveVersion = 1;
	classes = {
	};
	objectVersion = 56;
	objects = {

/* Begin PBXBuildFile section */
		74FDC7202C01A7FC00ACDA14 /* ObservableSwiftApp.swift in Sources */ = {isa = PBXBuildFile; fileRef = 74FDC71F2C01A7FC00ACDA14 /* ObservableSwiftApp.swift */; };
		74FDC7222C01A7FC00ACDA14 /* ContentView.swift in Sources */ = {isa = PBXBuildFile; fileRef = 74FDC7212C01A7FC00ACDA14 /* ContentView.swift */; };
		74FDC7242C01A7FE00ACDA14 /* Assets.xcassets in Resources */ = {isa = PBXBuildFile; fileRef = 74FDC7232C01A7FE00ACDA14 /* Assets.xcassets */; };
		74FDC7272C01A7FE00ACDA14 /* Preview Assets.xcassets in Resources */ = {isa = PBXBuildFile; fileRef = 74FDC7262C01A7FE00ACDA14 /* Preview Assets.xcassets */; };
		74FDC73D2C01B2F700ACDA14 /* BankAccount.swift in Sources */ = {isa = PBXBuildFile; fileRef = 74FDC73C2C01B2F600ACDA14 /* BankAccount.swift */; };
		74FDC7402C01B37B00ACDA14 /* BankAccountsView.swift in Sources */ = {isa = PBXBuildFile; fileRef = 74FDC73F2C01B37B00ACDA14 /* BankAccountsView.swift */; };
		74FDC7422C01B62F00ACDA14 /* Transaction.swift in Sources */ = {isa = PBXBuildFile; fileRef = 74FDC7412C01B62F00ACDA14 /* Transaction.swift */; };
		74FDC7442C01B7C800ACDA14 /* BankAccountView.swift in Sources */ = {isa = PBXBuildFile; fileRef = 74FDC7432C01B7C800ACDA14 /* BankAccountView.swift */; };
		74FDC7462C01D8ED00ACDA14 /* User.swift in Sources */ = {isa = PBXBuildFile; fileRef = 74FDC7452C01D8ED00ACDA14 /* User.swift */; };
		74FDC7482C01D97D00ACDA14 /* SettingsView.swift in Sources */ = {isa = PBXBuildFile; fileRef = 74FDC7472C01D97D00ACDA14 /* SettingsView.swift */; };
		74FDC74A2C01DA8D00ACDA14 /* TransactionsView.swift in Sources */ = {isa = PBXBuildFile; fileRef = 74FDC7492C01DA8D00ACDA14 /* TransactionsView.swift */; };
/* End PBXBuildFile section */

/* Begin PBXFileReference section */
		74FDC71C2C01A7FC00ACDA14 /* ObservableSwift.app */ = {isa = PBXFileReference; explicitFileType = wrapper.application; includeInIndex = 0; path = ObservableSwift.app; sourceTree = BUILT_PRODUCTS_DIR; };
		74FDC71F2C01A7FC00ACDA14 /* ObservableSwiftApp.swift */ = {isa = PBXFileReference; lastKnownFileType = sourcecode.swift; path = ObservableSwiftApp.swift; sourceTree = "<group>"; };
		74FDC7212C01A7FC00ACDA14 /* ContentView.swift */ = {isa = PBXFileReference; lastKnownFileType = sourcecode.swift; path = ContentView.swift; sourceTree = "<group>"; };
		74FDC7232C01A7FE00ACDA14 /* Assets.xcassets */ = {isa = PBXFileReference; lastKnownFileType = folder.assetcatalog; path = Assets.xcassets; sourceTree = "<group>"; };
		74FDC7262C01A7FE00ACDA14 /* Preview Assets.xcassets */ = {isa = PBXFileReference; lastKnownFileType = folder.assetcatalog; path = "Preview Assets.xcassets"; sourceTree = "<group>"; };
		74FDC73C2C01B2F600ACDA14 /* BankAccount.swift */ = {isa = PBXFileReference; lastKnownFileType = sourcecode.swift; path = BankAccount.swift; sourceTree = "<group>"; };
		74FDC73F2C01B37B00ACDA14 /* BankAccountsView.swift */ = {isa = PBXFileReference; lastKnownFileType = sourcecode.swift; path = BankAccountsView.swift; sourceTree = "<group>"; };
		74FDC7412C01B62F00ACDA14 /* Transaction.swift */ = {isa = PBXFileReference; lastKnownFileType = sourcecode.swift; path = Transaction.swift; sourceTree = "<group>"; };
		74FDC7432C01B7C800ACDA14 /* BankAccountView.swift */ = {isa = PBXFileReference; lastKnownFileType = sourcecode.swift; path = BankAccountView.swift; sourceTree = "<group>"; };
		74FDC7452C01D8ED00ACDA14 /* User.swift */ = {isa = PBXFileReference; lastKnownFileType = sourcecode.swift; path = User.swift; sourceTree = "<group>"; };
		74FDC7472C01D97D00ACDA14 /* SettingsView.swift */ = {isa = PBXFileReference; lastKnownFileType = sourcecode.swift; path = SettingsView.swift; sourceTree = "<group>"; };
		74FDC7492C01DA8D00ACDA14 /* TransactionsView.swift */ = {isa = PBXFileReference; lastKnownFileType = sourcecode.swift; path = TransactionsView.swift; sourceTree = "<group>"; };
/* End PBXFileReference section */

/* Begin PBXFrameworksBuildPhase section */
		74FDC7192C01A7FC00ACDA14 /* Frameworks */ = {
			isa = PBXFrameworksBuildPhase;
			buildActionMask = 2147483647;
			files = (
			);
			runOnlyForDeploymentPostprocessing = 0;
		};
/* End PBXFrameworksBuildPhase section */

/* Begin PBXGroup section */
		74FDC7132C01A7FC00ACDA14 = {
			isa = PBXGroup;
			children = (
				74FDC71E2C01A7FC00ACDA14 /* ObservableSwift */,
				74FDC71D2C01A7FC00ACDA14 /* Products */,
			);
			sourceTree = "<group>";
		};
		74FDC71D2C01A7FC00ACDA14 /* Products */ = {
			isa = PBXGroup;
			children = (
				74FDC71C2C01A7FC00ACDA14 /* ObservableSwift.app */,
			);
			name = Products;
			sourceTree = "<group>";
		};
		74FDC71E2C01A7FC00ACDA14 /* ObservableSwift */ = {
			isa = PBXGroup;
			children = (
				74FDC73E2C01B37000ACDA14 /* Modules */,
				74FDC73B2C01B2E900ACDA14 /* Models */,
				74FDC71F2C01A7FC00ACDA14 /* ObservableSwiftApp.swift */,
				74FDC7212C01A7FC00ACDA14 /* ContentView.swift */,
				74FDC7232C01A7FE00ACDA14 /* Assets.xcassets */,
				74FDC7252C01A7FE00ACDA14 /* Preview Content */,
			);
			path = ObservableSwift;
			sourceTree = "<group>";
		};
		74FDC7252C01A7FE00ACDA14 /* Preview Content */ = {
			isa = PBXGroup;
			children = (
				74FDC7262C01A7FE00ACDA14 /* Preview Assets.xcassets */,
			);
			path = "Preview Content";
			sourceTree = "<group>";
		};
		74FDC73B2C01B2E900ACDA14 /* Models */ = {
			isa = PBXGroup;
			children = (
				74FDC73C2C01B2F600ACDA14 /* BankAccount.swift */,
				74FDC7412C01B62F00ACDA14 /* Transaction.swift */,
				74FDC7452C01D8ED00ACDA14 /* User.swift */,
			);
			path = Models;
			sourceTree = "<group>";
		};
		74FDC73E2C01B37000ACDA14 /* Modules */ = {
			isa = PBXGroup;
			children = (
				74FDC73F2C01B37B00ACDA14 /* BankAccountsView.swift */,
				74FDC7432C01B7C800ACDA14 /* BankAccountView.swift */,
				74FDC7472C01D97D00ACDA14 /* SettingsView.swift */,
				74FDC7492C01DA8D00ACDA14 /* TransactionsView.swift */,
			);
			path = Modules;
			sourceTree = "<group>";
		};
/* End PBXGroup section */

/* Begin PBXNativeTarget section */
		74FDC71B2C01A7FC00ACDA14 /* ObservableSwift */ = {
			isa = PBXNativeTarget;
			buildConfigurationList = 74FDC72A2C01A7FE00ACDA14 /* Build configuration list for PBXNativeTarget "ObservableSwift" */;
			buildPhases = (
				74FDC7182C01A7FC00ACDA14 /* Sources */,
				74FDC7192C01A7FC00ACDA14 /* Frameworks */,
				74FDC71A2C01A7FC00ACDA14 /* Resources */,
			);
			buildRules = (
			);
			dependencies = (
			);
			name = ObservableSwift;
			productName = ObservableSwift;
			productReference = 74FDC71C2C01A7FC00ACDA14 /* ObservableSwift.app */;
			productType = "com.apple.product-type.application";
		};
/* End PBXNativeTarget section */

/* Begin PBXProject section */
		74FDC7142C01A7FC00ACDA14 /* Project object */ = {
			isa = PBXProject;
			attributes = {
				BuildIndependentTargetsInParallel = 1;
				LastSwiftUpdateCheck = 1540;
				LastUpgradeCheck = 1540;
				TargetAttributes = {
					74FDC71B2C01A7FC00ACDA14 = {
						CreatedOnToolsVersion = 15.4;
					};
				};
			};
			buildConfigurationList = 74FDC7172C01A7FC00ACDA14 /* Build configuration list for PBXProject "ObservableSwift" */;
			compatibilityVersion = "Xcode 14.0";
			developmentRegion = en;
			hasScannedForEncodings = 0;
			knownRegions = (
				en,
				Base,
			);
			mainGroup = 74FDC7132C01A7FC00ACDA14;
			productRefGroup = 74FDC71D2C01A7FC00ACDA14 /* Products */;
			projectDirPath = "";
			projectRoot = "";
			targets = (
				74FDC71B2C01A7FC00ACDA14 /* ObservableSwift */,
			);
		};
/* End PBXProject section */

/* Begin PBXResourcesBuildPhase section */
		74FDC71A2C01A7FC00ACDA14 /* Resources */ = {
			isa = PBXResourcesBuildPhase;
			buildActionMask = 2147483647;
			files = (
				74FDC7272C01A7FE00ACDA14 /* Preview Assets.xcassets in Resources */,
				74FDC7242C01A7FE00ACDA14 /* Assets.xcassets in Resources */,
			);
			runOnlyForDeploymentPostprocessing = 0;
		};
/* End PBXResourcesBuildPhase section */

/* Begin PBXSourcesBuildPhase section */
		74FDC7182C01A7FC00ACDA14 /* Sources */ = {
			isa = PBXSourcesBuildPhase;
			buildActionMask = 2147483647;
			files = (
				74FDC7402C01B37B00ACDA14 /* BankAccountsView.swift in Sources */,
				74FDC7222C01A7FC00ACDA14 /* ContentView.swift in Sources */,
				74FDC73D2C01B2F700ACDA14 /* BankAccount.swift in Sources */,
				74FDC7202C01A7FC00ACDA14 /* ObservableSwiftApp.swift in Sources */,
				74FDC7422C01B62F00ACDA14 /* Transaction.swift in Sources */,
				74FDC74A2C01DA8D00ACDA14 /* TransactionsView.swift in Sources */,
				74FDC7482C01D97D00ACDA14 /* SettingsView.swift in Sources */,
				74FDC7442C01B7C800ACDA14 /* BankAccountView.swift in Sources */,
				74FDC7462C01D8ED00ACDA14 /* User.swift in Sources */,
			);
			runOnlyForDeploymentPostprocessing = 0;
		};
/* End PBXSourcesBuildPhase section */

/* Begin XCBuildConfiguration section */
		74FDC7282C01A7FE00ACDA14 /* Debug */ = {
			isa = XCBuildConfiguration;
			buildSettings = {
				ALWAYS_SEARCH_USER_PATHS = NO;
				ASSETCATALOG_COMPILER_GENERATE_SWIFT_ASSET_SYMBOL_EXTENSIONS = YES;
				CLANG_ANALYZER_NONNULL = YES;
				CLANG_ANALYZER_NUMBER_OBJECT_CONVERSION = YES_AGGRESSIVE;
				CLANG_CXX_LANGUAGE_STANDARD = "gnu++20";
				CLANG_ENABLE_MODULES = YES;
				CLANG_ENABLE_OBJC_ARC = YES;
				CLANG_ENABLE_OBJC_WEAK = YES;
				CLANG_WARN_BLOCK_CAPTURE_AUTORELEASING = YES;
				CLANG_WARN_BOOL_CONVERSION = YES;
				CLANG_WARN_COMMA = YES;
				CLANG_WARN_CONSTANT_CONVERSION = YES;
				CLANG_WARN_DEPRECATED_OBJC_IMPLEMENTATIONS = YES;
				CLANG_WARN_DIRECT_OBJC_ISA_USAGE = YES_ERROR;
				CLANG_WARN_DOCUMENTATION_COMMENTS = YES;
				CLANG_WARN_EMPTY_BODY = YES;
				CLANG_WARN_ENUM_CONVERSION = YES;
				CLANG_WARN_INFINITE_RECURSION = YES;
				CLANG_WARN_INT_CONVERSION = YES;
				CLANG_WARN_NON_LITERAL_NULL_CONVERSION = YES;
				CLANG_WARN_OBJC_IMPLICIT_RETAIN_SELF = YES;
				CLANG_WARN_OBJC_LITERAL_CONVERSION = YES;
				CLANG_WARN_OBJC_ROOT_CLASS = YES_ERROR;
				CLANG_WARN_QUOTED_INCLUDE_IN_FRAMEWORK_HEADER = YES;
				CLANG_WARN_RANGE_LOOP_ANALYSIS = YES;
				CLANG_WARN_STRICT_PROTOTYPES = YES;
				CLANG_WARN_SUSPICIOUS_MOVE = YES;
				CLANG_WARN_UNGUARDED_AVAILABILITY = YES_AGGRESSIVE;
				CLANG_WARN_UNREACHABLE_CODE = YES;
				CLANG_WARN__DUPLICATE_METHOD_MATCH = YES;
				COPY_PHASE_STRIP = NO;
				DEBUG_INFORMATION_FORMAT = dwarf;
				ENABLE_STRICT_OBJC_MSGSEND = YES;
				ENABLE_TESTABILITY = YES;
				ENABLE_USER_SCRIPT_SANDBOXING = YES;
				GCC_C_LANGUAGE_STANDARD = gnu17;
				GCC_DYNAMIC_NO_PIC = NO;
				GCC_NO_COMMON_BLOCKS = YES;
				GCC_OPTIMIZATION_LEVEL = 0;
				GCC_PREPROCESSOR_DEFINITIONS = (
					"DEBUG=1",
					"$(inherited)",
				);
				GCC_WARN_64_TO_32_BIT_CONVERSION = YES;
				GCC_WARN_ABOUT_RETURN_TYPE = YES_ERROR;
				GCC_WARN_UNDECLARED_SELECTOR = YES;
				GCC_WARN_UNINITIALIZED_AUTOS = YES_AGGRESSIVE;
				GCC_WARN_UNUSED_FUNCTION = YES;
				GCC_WARN_UNUSED_VARIABLE = YES;
				IPHONEOS_DEPLOYMENT_TARGET = 17.5;
				LOCALIZATION_PREFERS_STRING_CATALOGS = YES;
				MTL_ENABLE_DEBUG_INFO = INCLUDE_SOURCE;
				MTL_FAST_MATH = YES;
				ONLY_ACTIVE_ARCH = YES;
				SDKROOT = iphoneos;
				SWIFT_ACTIVE_COMPILATION_CONDITIONS = "DEBUG $(inherited)";
				SWIFT_OPTIMIZATION_LEVEL = "-Onone";
			};
			name = Debug;
		};
		74FDC7292C01A7FE00ACDA14 /* Release */ = {
			isa = XCBuildConfiguration;
			buildSettings = {
				ALWAYS_SEARCH_USER_PATHS = NO;
				ASSETCATALOG_COMPILER_GENERATE_SWIFT_ASSET_SYMBOL_EXTENSIONS = YES;
				CLANG_ANALYZER_NONNULL = YES;
				CLANG_ANALYZER_NUMBER_OBJECT_CONVERSION = YES_AGGRESSIVE;
				CLANG_CXX_LANGUAGE_STANDARD = "gnu++20";
				CLANG_ENABLE_MODULES = YES;
				CLANG_ENABLE_OBJC_ARC = YES;
				CLANG_ENABLE_OBJC_WEAK = YES;
				CLANG_WARN_BLOCK_CAPTURE_AUTORELEASING = YES;
				CLANG_WARN_BOOL_CONVERSION = YES;
				CLANG_WARN_COMMA = YES;
				CLANG_WARN_CONSTANT_CONVERSION = YES;
				CLANG_WARN_DEPRECATED_OBJC_IMPLEMENTATIONS = YES;
				CLANG_WARN_DIRECT_OBJC_ISA_USAGE = YES_ERROR;
				CLANG_WARN_DOCUMENTATION_COMMENTS = YES;
				CLANG_WARN_EMPTY_BODY = YES;
				CLANG_WARN_ENUM_CONVERSION = YES;
				CLANG_WARN_INFINITE_RECURSION = YES;
				CLANG_WARN_INT_CONVERSION = YES;
				CLANG_WARN_NON_LITERAL_NULL_CONVERSION = YES;
				CLANG_WARN_OBJC_IMPLICIT_RETAIN_SELF = YES;
				CLANG_WARN_OBJC_LITERAL_CONVERSION = YES;
				CLANG_WARN_OBJC_ROOT_CLASS = YES_ERROR;
				CLANG_WARN_QUOTED_INCLUDE_IN_FRAMEWORK_HEADER = YES;
				CLANG_WARN_RANGE_LOOP_ANALYSIS = YES;
				CLANG_WARN_STRICT_PROTOTYPES = YES;
				CLANG_WARN_SUSPICIOUS_MOVE = YES;
				CLANG_WARN_UNGUARDED_AVAILABILITY = YES_AGGRESSIVE;
				CLANG_WARN_UNREACHABLE_CODE = YES;
				CLANG_WARN__DUPLICATE_METHOD_MATCH = YES;
				COPY_PHASE_STRIP = NO;
				DEBUG_INFORMATION_FORMAT = "dwarf-with-dsym";
				ENABLE_NS_ASSERTIONS = NO;
				ENABLE_STRICT_OBJC_MSGSEND = YES;
				ENABLE_USER_SCRIPT_SANDBOXING = YES;
				GCC_C_LANGUAGE_STANDARD = gnu17;
				GCC_NO_COMMON_BLOCKS = YES;
				GCC_WARN_64_TO_32_BIT_CONVERSION = YES;
				GCC_WARN_ABOUT_RETURN_TYPE = YES_ERROR;
				GCC_WARN_UNDECLARED_SELECTOR = YES;
				GCC_WARN_UNINITIALIZED_AUTOS = YES_AGGRESSIVE;
				GCC_WARN_UNUSED_FUNCTION = YES;
				GCC_WARN_UNUSED_VARIABLE = YES;
				IPHONEOS_DEPLOYMENT_TARGET = 17.5;
				LOCALIZATION_PREFERS_STRING_CATALOGS = YES;
				MTL_ENABLE_DEBUG_INFO = NO;
				MTL_FAST_MATH = YES;
				SDKROOT = iphoneos;
				SWIFT_COMPILATION_MODE = wholemodule;
				VALIDATE_PRODUCT = YES;
			};
			name = Release;
		};
		74FDC72B2C01A7FE00ACDA14 /* Debug */ = {
			isa = XCBuildConfiguration;
			buildSettings = {
				ASSETCATALOG_COMPILER_APPICON_NAME = AppIcon;
				ASSETCATALOG_COMPILER_GLOBAL_ACCENT_COLOR_NAME = AccentColor;
				CODE_SIGN_STYLE = Automatic;
				CURRENT_PROJECT_VERSION = 1;
				DEVELOPMENT_ASSET_PATHS = "\"ObservableSwift/Preview Content\"";
				DEVELOPMENT_TEAM = P5RBZW84K8;
				ENABLE_PREVIEWS = YES;
				GENERATE_INFOPLIST_FILE = YES;
				INFOPLIST_KEY_UIApplicationSceneManifest_Generation = YES;
				INFOPLIST_KEY_UIApplicationSupportsIndirectInputEvents = YES;
				INFOPLIST_KEY_UILaunchScreen_Generation = YES;
				INFOPLIST_KEY_UISupportedInterfaceOrientations_iPad = "UIInterfaceOrientationPortrait UIInterfaceOrientationPortraitUpsideDown UIInterfaceOrientationLandscapeLeft UIInterfaceOrientationLandscapeRight";
				INFOPLIST_KEY_UISupportedInterfaceOrientations_iPhone = "UIInterfaceOrientationPortrait UIInterfaceOrientationLandscapeLeft UIInterfaceOrientationLandscapeRight";
				LD_RUNPATH_SEARCH_PATHS = (
					"$(inherited)",
					"@executable_path/Frameworks",
				);
				MARKETING_VERSION = 1.0;
				PRODUCT_BUNDLE_IDENTIFIER = app.peppe.ObservableSwift;
				PRODUCT_NAME = "$(TARGET_NAME)";
				SWIFT_EMIT_LOC_STRINGS = YES;
				SWIFT_VERSION = 5.0;
				TARGETED_DEVICE_FAMILY = "1,2";
			};
			name = Debug;
		};
		74FDC72C2C01A7FE00ACDA14 /* Release */ = {
			isa = XCBuildConfiguration;
			buildSettings = {
				ASSETCATALOG_COMPILER_APPICON_NAME = AppIcon;
				ASSETCATALOG_COMPILER_GLOBAL_ACCENT_COLOR_NAME = AccentColor;
				CODE_SIGN_STYLE = Automatic;
				CURRENT_PROJECT_VERSION = 1;
				DEVELOPMENT_ASSET_PATHS = "\"ObservableSwift/Preview Content\"";
				DEVELOPMENT_TEAM = P5RBZW84K8;
				ENABLE_PREVIEWS = YES;
				GENERATE_INFOPLIST_FILE = YES;
				INFOPLIST_KEY_UIApplicationSceneManifest_Generation = YES;
				INFOPLIST_KEY_UIApplicationSupportsIndirectInputEvents = YES;
				INFOPLIST_KEY_UILaunchScreen_Generation = YES;
				INFOPLIST_KEY_UISupportedInterfaceOrientations_iPad = "UIInterfaceOrientationPortrait UIInterfaceOrientationPortraitUpsideDown UIInterfaceOrientationLandscapeLeft UIInterfaceOrientationLandscapeRight";
				INFOPLIST_KEY_UISupportedInterfaceOrientations_iPhone = "UIInterfaceOrientationPortrait UIInterfaceOrientationLandscapeLeft UIInterfaceOrientationLandscapeRight";
				LD_RUNPATH_SEARCH_PATHS = (
					"$(inherited)",
					"@executable_path/Frameworks",
				);
				MARKETING_VERSION = 1.0;
				PRODUCT_BUNDLE_IDENTIFIER = app.peppe.ObservableSwift;
				PRODUCT_NAME = "$(TARGET_NAME)";
				SWIFT_EMIT_LOC_STRINGS = YES;
				SWIFT_VERSION = 5.0;
				TARGETED_DEVICE_FAMILY = "1,2";
			};
			name = Release;
		};
/* End XCBuildConfiguration section */

/* Begin XCConfigurationList section */
		74FDC7172C01A7FC00ACDA14 /* Build configuration list for PBXProject "ObservableSwift" */ = {
			isa = XCConfigurationList;
			buildConfigurations = (
				74FDC7282C01A7FE00ACDA14 /* Debug */,
				74FDC7292C01A7FE00ACDA14 /* Release */,
			);
			defaultConfigurationIsVisible = 0;
			defaultConfigurationName = Release;
		};
		74FDC72A2C01A7FE00ACDA14 /* Build configuration list for PBXNativeTarget "ObservableSwift" */ = {
			isa = XCConfigurationList;
			buildConfigurations = (
				74FDC72B2C01A7FE00ACDA14 /* Debug */,
				74FDC72C2C01A7FE00ACDA14 /* Release */,
			);
			defaultConfigurationIsVisible = 0;
			defaultConfigurationName = Release;
		};
/* End XCConfigurationList section */
	};
	rootObject = 74FDC7142C01A7FC00ACDA14 /* Project object */;
}
